
Microsoft Visual Studio Solution File, Format Version 12.00
# Visual Studio 15
VisualStudioVersion = 15.0.26730.12
MinimumVisualStudioVersion = 10.0.40219.1
Project("{FAE04EC0-301F-11D3-BF4B-00C04F79EFBC}") = "WtManager", "WTManager\WtManager.csproj", "{9FAD443F-F504-47FA-802C-6470413097D0}"
EndProject
Project("{2150E333-8FDC-42A3-9474-1A3956D46DE8}") = "Solution Items", "Solution Items", "{FAA71F4E-669C-468A-BFCB-74572827DE48}"
	ProjectSection(SolutionItems) = preProject
		Installer\MakeInstallers.cmd = Installer\MakeInstallers.cmd
		README.md = README.md
		Installer\Setup.nsi = Installer\Setup.nsi
	EndProjectSection
EndProject
Project("{FAE04EC0-301F-11D3-BF4B-00C04F79EFBC}") = "WtManager.Resources", "WTManager.Resources\WtManager.Resources.csproj", "{8E6C262C-AB2C-4B32-B761-1CAFB8DC4E93}"
EndProject
Global
	GlobalSection(SolutionConfigurationPlatforms) = preSolution
		Debug|Any CPU = Debug|Any CPU
		Debug|x64 = Debug|x64
		Debug|x86 = Debug|x86
		Release|Any CPU = Release|Any CPU
		Release|x64 = Release|x64
		Release|x86 = Release|x86
	EndGlobalSection
	GlobalSection(ProjectConfigurationPlatforms) = postSolution
		{9FAD443F-F504-47FA-802C-6470413097D0}.Debug|Any CPU.ActiveCfg = Debug|Any CPU
		{9FAD443F-F504-47FA-802C-6470413097D0}.Debug|Any CPU.Build.0 = Debug|Any CPU
		{9FAD443F-F504-47FA-802C-6470413097D0}.Debug|x64.ActiveCfg = Debug|x64
		{9FAD443F-F504-47FA-802C-6470413097D0}.Debug|x64.Build.0 = Debug|x64
		{9FAD443F-F504-47FA-802C-6470413097D0}.Debug|x86.ActiveCfg = Debug|x86
		{9FAD443F-F504-47FA-802C-6470413097D0}.Debug|x86.Build.0 = Debug|x86
		{9FAD443F-F504-47FA-802C-6470413097D0}.Release|Any CPU.ActiveCfg = Release|Any CPU
		{9FAD443F-F504-47FA-802C-6470413097D0}.Release|Any CPU.Build.0 = Release|Any CPU
		{9FAD443F-F504-47FA-802C-6470413097D0}.Release|x64.ActiveCfg = Release|x64
		{9FAD443F-F504-47FA-802C-6470413097D0}.Release|x64.Build.0 = Release|x64
		{9FAD443F-F504-47FA-802C-6470413097D0}.Release|x86.ActiveCfg = Release|x86
		{9FAD443F-F504-47FA-802C-6470413097D0}.Release|x86.Build.0 = Release|x86
		{8E6C262C-AB2C-4B32-B761-1CAFB8DC4E93}.Debug|Any CPU.ActiveCfg = Debug|Any CPU
		{8E6C262C-AB2C-4B32-B761-1CAFB8DC4E93}.Debug|Any CPU.Build.0 = Debug|Any CPU
		{8E6C262C-AB2C-4B32-B761-1CAFB8DC4E93}.Debug|x64.ActiveCfg = Debug|Any CPU
		{8E6C262C-AB2C-4B32-B761-1CAFB8DC4E93}.Debug|x64.Build.0 = Debug|Any CPU
		{8E6C262C-AB2C-4B32-B761-1CAFB8DC4E93}.Debug|x86.ActiveCfg = Debug|Any CPU
		{8E6C262C-AB2C-4B32-B761-1CAFB8DC4E93}.Debug|x86.Build.0 = Debug|Any CPU
		{8E6C262C-AB2C-4B32-B761-1CAFB8DC4E93}.Release|Any CPU.ActiveCfg = Release|Any CPU
		{8E6C262C-AB2C-4B32-B761-1CAFB8DC4E93}.Release|Any CPU.Build.0 = Release|Any CPU
		{8E6C262C-AB2C-4B32-B761-1CAFB8DC4E93}.Release|x64.ActiveCfg = Release|Any CPU
		{8E6C262C-AB2C-4B32-B761-1CAFB8DC4E93}.Release|x64.Build.0 = Release|Any CPU
		{8E6C262C-AB2C-4B32-B761-1CAFB8DC4E93}.Release|x86.ActiveCfg = Release|Any CPU
		{8E6C262C-AB2C-4B32-B761-1CAFB8DC4E93}.Release|x86.Build.0 = Release|Any CPU
	EndGlobalSection
	GlobalSection(SolutionProperties) = preSolution
		HideSolutionNode = FALSE
	EndGlobalSection
	GlobalSection(ExtensibilityGlobals) = postSolution
		SolutionGuid = {8FAB0BF1-0C24-4801-B244-A218716D15EF}
	EndGlobalSection
EndGlobal
