
Microsoft Visual Studio Solution File, Format Version 12.00
# Visual Studio 14
VisualStudioVersion = 14.0.24720.0
MinimumVisualStudioVersion = 10.0.40219.1
Project("{FAE04EC0-301F-11D3-BF4B-00C04F79EFBC}") = "WTManager", "WTManager\WTManager.csproj", "{9FAD443F-F504-47FA-802C-6470413097D0}"
EndProject
Project("{2150E333-8FDC-42A3-9474-1A3956D46DE8}") = "Solution Items", "Solution Items", "{FAA71F4E-669C-468A-BFCB-74572827DE48}"
	ProjectSection(SolutionItems) = preProject
		Installer\MakeInstallers.cmd = Installer\MakeInstallers.cmd
		README.md = README.md
		Installer\Setup.nsi = Installer\Setup.nsi
	EndProjectSection
EndProject
Global
	GlobalSection(SolutionConfigurationPlatforms) = preSolution
		Debug|Any CPU = Debug|Any CPU
		Debug|x64 = Debug|x64
		Debug|x86 = Debug|x86
		Release|Any CPU = Release|Any CPU
		Release|x64 = Release|x64
		Release|x86 = Release|x86
	EndGlobalSection
	GlobalSection(ProjectConfigurationPlatforms) = postSolution
		{9FAD443F-F504-47FA-802C-6470413097D0}.Debug|Any CPU.ActiveCfg = Debug|Any CPU
		{9FAD443F-F504-47FA-802C-6470413097D0}.Debug|Any CPU.Build.0 = Debug|Any CPU
		{9FAD443F-F504-47FA-802C-6470413097D0}.Debug|x64.ActiveCfg = Debug|x64
		{9FAD443F-F504-47FA-802C-6470413097D0}.Debug|x64.Build.0 = Debug|x64
		{9FAD443F-F504-47FA-802C-6470413097D0}.Debug|x86.ActiveCfg = Debug|x86
		{9FAD443F-F504-47FA-802C-6470413097D0}.Debug|x86.Build.0 = Debug|x86
		{9FAD443F-F504-47FA-802C-6470413097D0}.Release|Any CPU.ActiveCfg = Release|Any CPU
		{9FAD443F-F504-47FA-802C-6470413097D0}.Release|Any CPU.Build.0 = Release|Any CPU
		{9FAD443F-F504-47FA-802C-6470413097D0}.Release|x64.ActiveCfg = Release|x64
		{9FAD443F-F504-47FA-802C-6470413097D0}.Release|x64.Build.0 = Release|x64
		{9FAD443F-F504-47FA-802C-6470413097D0}.Release|x86.ActiveCfg = Release|x86
		{9FAD443F-F504-47FA-802C-6470413097D0}.Release|x86.Build.0 = Release|x86
	EndGlobalSection
	GlobalSection(SolutionProperties) = preSolution
		HideSolutionNode = FALSE
	EndGlobalSection
EndGlobal
